
Microsoft Visual Studio Solution File, Format Version 12.00
# Visual Studio 2013
VisualStudioVersion = 12.0.40629.0
MinimumVisualStudioVersion = 10.0.40219.1
Project("{8BC9CEB8-8B4A-11D0-8D11-00A0C91BC942}") = "_test_first", "_test_first.vcxproj", "{C738B1E8-4C1C-488C-903C-427399AFE8CF}"
EndProject
Project("{8BC9CEB8-8B4A-11D0-8D11-00A0C91BC942}") = "asio_timer_one", "asio_timer_one.vcxproj", "{F5AAF719-EDE7-4067-9AF0-699F43B6878F}"
EndProject
Project("{8BC9CEB8-8B4A-11D0-8D11-00A0C91BC942}") = "asio_timer_three", "asio_timer_three.vcxproj", "{8CE44425-DA36-429F-A2D9-8CB8AEFDDF68}"
EndProject
Project("{8BC9CEB8-8B4A-11D0-8D11-00A0C91BC942}") = "asio_timer_four", "asio_timer_four.vcxproj", "{512E78B0-57A7-4C9D-A75C-9F38FF439248}"
EndProject
Project("{8BC9CEB8-8B4A-11D0-8D11-00A0C91BC942}") = "asio_timer_five", "asio_timer_five.vcxproj", "{011276B0-6C48-4C4E-B361-E441EA8A5042}"
EndProject
Project("{8BC9CEB8-8B4A-11D0-8D11-00A0C91BC942}") = "asio_dtime_one", "asio_dtime_one.vcxproj", "{F26F7CE1-9D92-4A47-9583-A64A21D1AD65}"
EndProject
Global
	GlobalSection(SolutionConfigurationPlatforms) = preSolution
		Debug|Win32 = Debug|Win32
		Release|Win32 = Release|Win32
	EndGlobalSection
	GlobalSection(ProjectConfigurationPlatforms) = postSolution
		{C738B1E8-4C1C-488C-903C-427399AFE8CF}.Debug|Win32.ActiveCfg = Debug|Win32
		{C738B1E8-4C1C-488C-903C-427399AFE8CF}.Debug|Win32.Build.0 = Debug|Win32
		{C738B1E8-4C1C-488C-903C-427399AFE8CF}.Release|Win32.ActiveCfg = Release|Win32
		{C738B1E8-4C1C-488C-903C-427399AFE8CF}.Release|Win32.Build.0 = Release|Win32
		{F5AAF719-EDE7-4067-9AF0-699F43B6878F}.Debug|Win32.ActiveCfg = Debug|Win32
		{F5AAF719-EDE7-4067-9AF0-699F43B6878F}.Debug|Win32.Build.0 = Debug|Win32
		{F5AAF719-EDE7-4067-9AF0-699F43B6878F}.Release|Win32.ActiveCfg = Release|Win32
		{F5AAF719-EDE7-4067-9AF0-699F43B6878F}.Release|Win32.Build.0 = Release|Win32
		{8CE44425-DA36-429F-A2D9-8CB8AEFDDF68}.Debug|Win32.ActiveCfg = Debug|Win32
		{8CE44425-DA36-429F-A2D9-8CB8AEFDDF68}.Debug|Win32.Build.0 = Debug|Win32
		{8CE44425-DA36-429F-A2D9-8CB8AEFDDF68}.Release|Win32.ActiveCfg = Release|Win32
		{8CE44425-DA36-429F-A2D9-8CB8AEFDDF68}.Release|Win32.Build.0 = Release|Win32
		{512E78B0-57A7-4C9D-A75C-9F38FF439248}.Debug|Win32.ActiveCfg = Debug|Win32
		{512E78B0-57A7-4C9D-A75C-9F38FF439248}.Debug|Win32.Build.0 = Debug|Win32
		{512E78B0-57A7-4C9D-A75C-9F38FF439248}.Release|Win32.ActiveCfg = Release|Win32
		{512E78B0-57A7-4C9D-A75C-9F38FF439248}.Release|Win32.Build.0 = Release|Win32
		{011276B0-6C48-4C4E-B361-E441EA8A5042}.Debug|Win32.ActiveCfg = Debug|Win32
		{011276B0-6C48-4C4E-B361-E441EA8A5042}.Debug|Win32.Build.0 = Debug|Win32
		{011276B0-6C48-4C4E-B361-E441EA8A5042}.Release|Win32.ActiveCfg = Release|Win32
		{011276B0-6C48-4C4E-B361-E441EA8A5042}.Release|Win32.Build.0 = Release|Win32
		{F26F7CE1-9D92-4A47-9583-A64A21D1AD65}.Debug|Win32.ActiveCfg = Debug|Win32
		{F26F7CE1-9D92-4A47-9583-A64A21D1AD65}.Debug|Win32.Build.0 = Debug|Win32
		{F26F7CE1-9D92-4A47-9583-A64A21D1AD65}.Release|Win32.ActiveCfg = Release|Win32
		{F26F7CE1-9D92-4A47-9583-A64A21D1AD65}.Release|Win32.Build.0 = Release|Win32
	EndGlobalSection
	GlobalSection(SolutionProperties) = preSolution
		HideSolutionNode = FALSE
	EndGlobalSection
EndGlobal
